
Microsoft Visual Studio Solution File, Format Version 12.00
# Visual Studio Version 16
VisualStudioVersion = 16.0.30114.105
MinimumVisualStudioVersion = 10.0.40219.1
Project("{FAE04EC0-301F-11D3-BF4B-00C04F79EFBC}") = "API", "API\API.csproj", "{67928800-2962-4B83-98B8-176C75579528}"
EndProject
Project("{FAE04EC0-301F-11D3-BF4B-00C04F79EFBC}") = "Core", "Core\Core.csproj", "{0DC4CF12-1801-4F3C-BAC1-0F5B6252F8C2}"
EndProject
Project("{FAE04EC0-301F-11D3-BF4B-00C04F79EFBC}") = "Infrastructure", "Infrastructure\Infrastructure.csproj", "{93DE0D40-23C4-434B-B3AC-E2551CA5BB27}"
EndProject
Global
	GlobalSection(SolutionConfigurationPlatforms) = preSolution
		Debug|Any CPU = Debug|Any CPU
		Debug|x64 = Debug|x64
		Debug|x86 = Debug|x86
		Release|Any CPU = Release|Any CPU
		Release|x64 = Release|x64
		Release|x86 = Release|x86
	EndGlobalSection
	GlobalSection(SolutionProperties) = preSolution
		HideSolutionNode = FALSE
	EndGlobalSection
	GlobalSection(ProjectConfigurationPlatforms) = postSolution
		{67928800-2962-4B83-98B8-176C75579528}.Debug|Any CPU.ActiveCfg = Debug|Any CPU
		{67928800-2962-4B83-98B8-176C75579528}.Debug|Any CPU.Build.0 = Debug|Any CPU
		{67928800-2962-4B83-98B8-176C75579528}.Debug|x64.ActiveCfg = Debug|Any CPU
		{67928800-2962-4B83-98B8-176C75579528}.Debug|x64.Build.0 = Debug|Any CPU
		{67928800-2962-4B83-98B8-176C75579528}.Debug|x86.ActiveCfg = Debug|Any CPU
		{67928800-2962-4B83-98B8-176C75579528}.Debug|x86.Build.0 = Debug|Any CPU
		{67928800-2962-4B83-98B8-176C75579528}.Release|Any CPU.ActiveCfg = Release|Any CPU
		{67928800-2962-4B83-98B8-176C75579528}.Release|Any CPU.Build.0 = Release|Any CPU
		{67928800-2962-4B83-98B8-176C75579528}.Release|x64.ActiveCfg = Release|Any CPU
		{67928800-2962-4B83-98B8-176C75579528}.Release|x64.Build.0 = Release|Any CPU
		{67928800-2962-4B83-98B8-176C75579528}.Release|x86.ActiveCfg = Release|Any CPU
		{67928800-2962-4B83-98B8-176C75579528}.Release|x86.Build.0 = Release|Any CPU
		{0DC4CF12-1801-4F3C-BAC1-0F5B6252F8C2}.Debug|Any CPU.ActiveCfg = Debug|Any CPU
		{0DC4CF12-1801-4F3C-BAC1-0F5B6252F8C2}.Debug|Any CPU.Build.0 = Debug|Any CPU
		{0DC4CF12-1801-4F3C-BAC1-0F5B6252F8C2}.Debug|x64.ActiveCfg = Debug|Any CPU
		{0DC4CF12-1801-4F3C-BAC1-0F5B6252F8C2}.Debug|x64.Build.0 = Debug|Any CPU
		{0DC4CF12-1801-4F3C-BAC1-0F5B6252F8C2}.Debug|x86.ActiveCfg = Debug|Any CPU
		{0DC4CF12-1801-4F3C-BAC1-0F5B6252F8C2}.Debug|x86.Build.0 = Debug|Any CPU
		{0DC4CF12-1801-4F3C-BAC1-0F5B6252F8C2}.Release|Any CPU.ActiveCfg = Release|Any CPU
		{0DC4CF12-1801-4F3C-BAC1-0F5B6252F8C2}.Release|Any CPU.Build.0 = Release|Any CPU
		{0DC4CF12-1801-4F3C-BAC1-0F5B6252F8C2}.Release|x64.ActiveCfg = Release|Any CPU
		{0DC4CF12-1801-4F3C-BAC1-0F5B6252F8C2}.Release|x64.Build.0 = Release|Any CPU
		{0DC4CF12-1801-4F3C-BAC1-0F5B6252F8C2}.Release|x86.ActiveCfg = Release|Any CPU
		{0DC4CF12-1801-4F3C-BAC1-0F5B6252F8C2}.Release|x86.Build.0 = Release|Any CPU
		{93DE0D40-23C4-434B-B3AC-E2551CA5BB27}.Debug|Any CPU.ActiveCfg = Debug|Any CPU
		{93DE0D40-23C4-434B-B3AC-E2551CA5BB27}.Debug|Any CPU.Build.0 = Debug|Any CPU
		{93DE0D40-23C4-434B-B3AC-E2551CA5BB27}.Debug|x64.ActiveCfg = Debug|Any CPU
		{93DE0D40-23C4-434B-B3AC-E2551CA5BB27}.Debug|x64.Build.0 = Debug|Any CPU
		{93DE0D40-23C4-434B-B3AC-E2551CA5BB27}.Debug|x86.ActiveCfg = Debug|Any CPU
		{93DE0D40-23C4-434B-B3AC-E2551CA5BB27}.Debug|x86.Build.0 = Debug|Any CPU
		{93DE0D40-23C4-434B-B3AC-E2551CA5BB27}.Release|Any CPU.ActiveCfg = Release|Any CPU
		{93DE0D40-23C4-434B-B3AC-E2551CA5BB27}.Release|Any CPU.Build.0 = Release|Any CPU
		{93DE0D40-23C4-434B-B3AC-E2551CA5BB27}.Release|x64.ActiveCfg = Release|Any CPU
		{93DE0D40-23C4-434B-B3AC-E2551CA5BB27}.Release|x64.Build.0 = Release|Any CPU
		{93DE0D40-23C4-434B-B3AC-E2551CA5BB27}.Release|x86.ActiveCfg = Release|Any CPU
		{93DE0D40-23C4-434B-B3AC-E2551CA5BB27}.Release|x86.Build.0 = Release|Any CPU
	EndGlobalSection
EndGlobal
